
Microsoft Visual Studio Solution File, Format Version 12.00
# Visual Studio Version 17
VisualStudioVersion = 17.0.31903.59
MinimumVisualStudioVersion = 10.0.40219.1
Project("{FAE04EC0-301F-11D3-BF4B-00C04F79EFBC}") = "StoreApp", "StoreApp\StoreApp.csproj", "{144919A0-A9C8-4E70-95D3-23A43528539D}"
EndProject
Project("{FAE04EC0-301F-11D3-BF4B-00C04F79EFBC}") = "Entities", "Entities\Entities.csproj", "{11ED1A9E-5CB1-4BA6-A8BB-1A7C427A92A8}"
EndProject
Project("{FAE04EC0-301F-11D3-BF4B-00C04F79EFBC}") = "Repositories", "Repositories\Repositories.csproj", "{55BDA0A1-2F5F-4732-B2A9-D76ACEC8458F}"
EndProject
Global
	GlobalSection(SolutionConfigurationPlatforms) = preSolution
		Debug|Any CPU = Debug|Any CPU
		Release|Any CPU = Release|Any CPU
	EndGlobalSection
	GlobalSection(SolutionProperties) = preSolution
		HideSolutionNode = FALSE
	EndGlobalSection
	GlobalSection(ProjectConfigurationPlatforms) = postSolution
		{144919A0-A9C8-4E70-95D3-23A43528539D}.Debug|Any CPU.ActiveCfg = Debug|Any CPU
		{144919A0-A9C8-4E70-95D3-23A43528539D}.Debug|Any CPU.Build.0 = Debug|Any CPU
		{144919A0-A9C8-4E70-95D3-23A43528539D}.Release|Any CPU.ActiveCfg = Release|Any CPU
		{144919A0-A9C8-4E70-95D3-23A43528539D}.Release|Any CPU.Build.0 = Release|Any CPU
		{11ED1A9E-5CB1-4BA6-A8BB-1A7C427A92A8}.Debug|Any CPU.ActiveCfg = Debug|Any CPU
		{11ED1A9E-5CB1-4BA6-A8BB-1A7C427A92A8}.Debug|Any CPU.Build.0 = Debug|Any CPU
		{11ED1A9E-5CB1-4BA6-A8BB-1A7C427A92A8}.Release|Any CPU.ActiveCfg = Release|Any CPU
		{11ED1A9E-5CB1-4BA6-A8BB-1A7C427A92A8}.Release|Any CPU.Build.0 = Release|Any CPU
		{55BDA0A1-2F5F-4732-B2A9-D76ACEC8458F}.Debug|Any CPU.ActiveCfg = Debug|Any CPU
		{55BDA0A1-2F5F-4732-B2A9-D76ACEC8458F}.Debug|Any CPU.Build.0 = Debug|Any CPU
		{55BDA0A1-2F5F-4732-B2A9-D76ACEC8458F}.Release|Any CPU.ActiveCfg = Release|Any CPU
		{55BDA0A1-2F5F-4732-B2A9-D76ACEC8458F}.Release|Any CPU.Build.0 = Release|Any CPU
	EndGlobalSection
EndGlobal
